# This file is autogenerated, do not edit; changes may be undone by the next 'dep ensure'.


[[projects]]
  name = "github.com/machinebox/sdk-go"
  packages = ["boxutil","facebox","videobox"]
  revision = "2e334935bf04619875a82b8e4addc34234e7175c"
  version = "v0.2.0"

[[projects]]
  name = "github.com/oliamb/cutter"
  packages = ["."]
  revision = "5cd9c24de6524b7251ac6b8600b0ba8f43a85963"
  version = "v0.2.0"

[[projects]]
  name = "github.com/pkg/errors"
  packages = ["."]
  revision = "645ef00459ed84a119197bfb8d8205042c6df63d"
  version = "v0.8.0"

[solve-meta]
  analyzer-name = "dep"
  analyzer-version = 1
  inputs-digest = "6be314ce3616488c6ed9839113cc6c0bad7af9f9e96ed313b66fed2f127bc788"
  solver-name = "gps-cdcl"
  solver-version = 1
